Microsoft Visual Studio Solution File, Format Version 12.00
# Visual Studio Version 17
VisualStudioVersion = 17.5.2.0
MinimumVisualStudioVersion = 10.0.40219.1
Project("{FAE04EC0-301F-11D3-BF4B-00C04F79EFBC}") = "LibraryOnlineRentalSystem.Tests", "LibraryOnlineRentalSystem.Tests.csproj", "{E6D079A0-1276-704A-1F4A-B771C8F2EE17}"
EndProject
Global
	GlobalSection(SolutionConfigurationPlatforms) = preSolution
		Debug|Any CPU = Debug|Any CPU
		Release|Any CPU = Release|Any CPU
	EndGlobalSection
	GlobalSection(ProjectConfigurationPlatforms) = postSolution
		{E6D079A0-1276-704A-1F4A-B771C8F2EE17}.Debug|Any CPU.ActiveCfg = Debug|Any CPU
		{E6D079A0-1276-704A-1F4A-B771C8F2EE17}.Debug|Any CPU.Build.0 = Debug|Any CPU
		{E6D079A0-1276-704A-1F4A-B771C8F2EE17}.Release|Any CPU.ActiveCfg = Release|Any CPU
		{E6D079A0-1276-704A-1F4A-B771C8F2EE17}.Release|Any CPU.Build.0 = Release|Any CPU
	EndGlobalSection
	GlobalSection(SolutionProperties) = preSolution
		HideSolutionNode = FALSE
	EndGlobalSection
	GlobalSection(ExtensibilityGlobals) = postSolution
		SolutionGuid = {F89F0421-E32C-444C-8867-261DFAD7F53C}
	EndGlobalSection
EndGlobal
